
Microsoft Visual Studio Solution File, Format Version 12.00
# Visual Studio Version 16
VisualStudioVersion = 16.0.31729.503
MinimumVisualStudioVersion = 10.0.40219.1
Project("{FAE04EC0-301F-11D3-BF4B-00C04F79EFBC}") = "Project_Iuga_Dorut", "Project_Iuga_Dorut.csproj", "{1A52519F-72D2-45CA-BAE8-55208C028912}"
EndProject
Global
	GlobalSection(SolutionConfigurationPlatforms) = preSolution
		Debug|Any CPU = Debug|Any CPU
		Release|Any CPU = Release|Any CPU
	EndGlobalSection
	GlobalSection(ProjectConfigurationPlatforms) = postSolution
		{1A52519F-72D2-45CA-BAE8-55208C028912}.Debug|Any CPU.ActiveCfg = Debug|Any CPU
		{1A52519F-72D2-45CA-BAE8-55208C028912}.Debug|Any CPU.Build.0 = Debug|Any CPU
		{1A52519F-72D2-45CA-BAE8-55208C028912}.Release|Any CPU.ActiveCfg = Release|Any CPU
		{1A52519F-72D2-45CA-BAE8-55208C028912}.Release|Any CPU.Build.0 = Release|Any CPU
	EndGlobalSection
	GlobalSection(SolutionProperties) = preSolution
		HideSolutionNode = FALSE
	EndGlobalSection
	GlobalSection(ExtensibilityGlobals) = postSolution
		SolutionGuid = {A86665F0-3BA2-46C6-BA20-FEC95B107A3C}
	EndGlobalSection
EndGlobal
